github.com/StackExchange/wmi v0.0.0-20170410192909-ea383cf3ba6e h1:IHXQQIpxASe3m0Jtcd3XongL+lxHNd5nUmvHxJARUmg=
github.com/StackExchange/wmi v0.0.0-20170410192909-ea383cf3ba6e/go.mod h1:3eOhrUMpNV+6aFIbp5/iudMxNCF27Vw2OZgy4xEx0Fg=
github.com/go-ole/go-ole v0.0.0-20170712174622-085abb85892d h1:xn9/eSi205OtZ/UBZrzr2C8vKSckpkRamTe7MjyuDIg=
github.com/go-ole/go-ole v0.0.0-20170712174622-085abb85892d/go.mod h1:7FAglXiTm7HKlQRDeOQ6ZNUHidzCWXuZWq/1dTyBNF8=
github.com/shirou/gopsutil v0.0.0-20170803020835-114c78c777eb h1:5yjLe/0xnvprgZ7OzNr2PAAx+QyDiXwQ3i9Bhg2IxEo=
github.com/shirou/gopsutil v0.0.0-20170803020835-114c78c777eb/go.mod h1:5b4v6he4MtMOwMlS0TUMTu2PcXUg8+E1lC7eC3UO/RA=
github.com/shirou/w32 v0.0.0-20160930032740-bb4de0191aa4 h1:udFKJ0aHUL60LboW/A+DfgoHVedieIzIXE8uylPue0U=
github.com/shirou/w32 v0.0.0-20160930032740-bb4de0191aa4/go.mod h1:qsXQc7+bwAM3Q1u/4XEfrquwF8Lw7D7y5cD8CuHnfIc=
golang.org/x/sys v0.0.0-20170329061634-9a7256cb28ed h1:1RoWulWaFGB+t8NExLratqmgydjWzGMhG2wyOqZxifQ=
golang.org/x/sys v0.0.0-20170329061634-9a7256cb28ed/go.mod h1:STP8DvDyc/dI5b8T5hshtkjS+E42TnysNCUPdjciGhY=
